
Microsoft Visual Studio Solution File, Format Version 12.00
# Visual Studio Version 17
VisualStudioVersion = 17.6.33723.286
MinimumVisualStudioVersion = 10.0.40219.1
Project("{FAE04EC0-301F-11D3-BF4B-00C04F79EFBC}") = "SearchTriplets", "SearchTriplets\SearchTriplets.csproj", "{C63922AE-E45A-4319-9409-AB42AD160B2D}"
EndProject
Global
	GlobalSection(SolutionConfigurationPlatforms) = preSolution
		Debug|Any CPU = Debug|Any CPU
		Release|Any CPU = Release|Any CPU
	EndGlobalSection
	GlobalSection(ProjectConfigurationPlatforms) = postSolution
		{C63922AE-E45A-4319-9409-AB42AD160B2D}.Debug|Any CPU.ActiveCfg = Debug|Any CPU
		{C63922AE-E45A-4319-9409-AB42AD160B2D}.Debug|Any CPU.Build.0 = Debug|Any CPU
		{C63922AE-E45A-4319-9409-AB42AD160B2D}.Release|Any CPU.ActiveCfg = Release|Any CPU
		{C63922AE-E45A-4319-9409-AB42AD160B2D}.Release|Any CPU.Build.0 = Release|Any CPU
	EndGlobalSection
	GlobalSection(SolutionProperties) = preSolution
		HideSolutionNode = FALSE
	EndGlobalSection
	GlobalSection(ExtensibilityGlobals) = postSolution
		SolutionGuid = {28131F50-805E-418C-8F2E-CE3158C09DD8}
	EndGlobalSection
EndGlobal
